
Microsoft Visual Studio Solution File, Format Version 12.00
# Visual Studio Version 17
VisualStudioVersion = 17.8.34330.188
MinimumVisualStudioVersion = 10.0.40219.1
Project("{FAE04EC0-301F-11D3-BF4B-00C04F79EFBC}") = "traveland_api", "traveland_api\traveland_api.csproj", "{0079BFD8-5492-4716-BB52-469196869748}"
EndProject
Global
	GlobalSection(SolutionConfigurationPlatforms) = preSolution
		Debug|Any CPU = Debug|Any CPU
		Release|Any CPU = Release|Any CPU
	EndGlobalSection
	GlobalSection(ProjectConfigurationPlatforms) = postSolution
		{0079BFD8-5492-4716-BB52-469196869748}.Debug|Any CPU.ActiveCfg = Debug|Any CPU
		{0079BFD8-5492-4716-BB52-469196869748}.Debug|Any CPU.Build.0 = Debug|Any CPU
		{0079BFD8-5492-4716-BB52-469196869748}.Release|Any CPU.ActiveCfg = Release|Any CPU
		{0079BFD8-5492-4716-BB52-469196869748}.Release|Any CPU.Build.0 = Release|Any CPU
	EndGlobalSection
	GlobalSection(SolutionProperties) = preSolution
		HideSolutionNode = FALSE
	EndGlobalSection
	GlobalSection(ExtensibilityGlobals) = postSolution
		SolutionGuid = {8AA7696E-C9EA-4FE8-8101-F6D56A14E203}
	EndGlobalSection
EndGlobal
